PODS:
  - AFNetworking (2.6.3):
    - AFNetworking/NSURLConnection (= 2.6.3)
    - AFNetworking/NSURLSession (= 2.6.3)
    - AFNetworking/Reachability (= 2.6.3)
    - AFNetworking/Security (= 2.6.3)
    - AFNetworking/Serialization (= 2.6.3)
    - AFNetworking/UIKit (= 2.6.3)
  - AFNetworking/NSURLConnection (2.6.3):
    - AFNetworking/Reachability
    - AFNetworking/Security
    - AFNetworking/Serialization
  - AFNetworking/NSURLSession (2.6.3):
    - AFNetworking/Reachability
    - AFNetworking/Security
    - AFNetworking/Serialization
  - AFNetworking/Reachability (2.6.3)
  - AFNetworking/Security (2.6.3)
  - AFNetworking/Serialization (2.6.3)
  - AFNetworking/UIKit (2.6.3):
    - AFNetworking/NSURLConnection
    - AFNetworking/NSURLSession
  - FMDB (2.6.2):
    - FMDB/standard (= 2.6.2)
  - FMDB/standard (2.6.2)
  - MBProgressHUD (0.9.2)
  - ObjectiveSugar (1.1.0)
  - SDWebImage (3.7.5):
    - SDWebImage/Core (= 3.7.5)
  - SDWebImage/Core (3.7.5)
  - TWMessageBarManager (1.8.1)

DEPENDENCIES:
  - AFNetworking (~> 2.5)
  - FMDB
  - MBProgressHUD (~> 0.9.2)
  - ObjectiveSugar (~> 1.1)
  - SDWebImage (~> 3.7)
  - TWMessageBarManager

SPEC CHECKSUMS:
  AFNetworking: cb8d14a848e831097108418f5d49217339d4eb60
  FMDB: 854a0341b4726e53276f2a8996f06f1b80f9259a
  MBProgressHUD: 1569cf7ace17a8bac47aabfbb8580a49690386d1
  ObjectiveSugar: a6a25f23d657c19df0a0b972466d5b5ca9f5295c
  SDWebImage: 69c6303e3348fba97e03f65d65d4fbc26740f461
  TWMessageBarManager: fd84e7948ba7968a2b5d9454859135761214ec56

COCOAPODS: 0.39.0
