// !$*UTF8*$!
{
	archiveVersion = 1;
	classes = {
	};
	objectVersion = 46;
	objects = {

/* Begin PBXBuildFile section */
		5CEB57271CAE7D150072E30D /* Constants.h in Resources */ = {isa = PBXBuildFile; fileRef = E24AD0C91CAE58FD00B4BAEF /* Constants.h */; };
		8B57B09F1CEA04BF00471AE7 /* Utility.m in Sources */ = {isa = PBXBuildFile; fileRef = 8B57B09E1CEA04BF00471AE7 /* Utility.m */; };
		8B57B0B01CEA04CF00471AE7 /* CustomButton.m in Sources */ = {isa = PBXBuildFile; fileRef = 8B57B0A31CEA04CF00471AE7 /* CustomButton.m */; };
		8B57B0B11CEA04CF00471AE7 /* CheckBox.m in Sources */ = {isa = PBXBuildFile; fileRef = 8B57B0A61CEA04CF00471AE7 /* CheckBox.m */; };
		8B57B0B21CEA04CF00471AE7 /* customTextField.m in Sources */ = {isa = PBXBuildFile; fileRef = 8B57B0A91CEA04CF00471AE7 /* customTextField.m */; };
		8B57B0B31CEA04CF00471AE7 /* CustomTextView.m in Sources */ = {isa = PBXBuildFile; fileRef = 8B57B0AC1CEA04CF00471AE7 /* CustomTextView.m */; };
		8B57B0B41CEA04CF00471AE7 /* CustomView.m in Sources */ = {isa = PBXBuildFile; fileRef = 8B57B0AF1CEA04CF00471AE7 /* CustomView.m */; };
		E24AD0D81CAE58FD00B4BAEF /* Api.m in Sources */ = {isa = PBXBuildFile; fileRef = E24AD0CD1CAE58FD00B4BAEF /* Api.m */; };
		E24AD0D91CAE58FD00B4BAEF /* README.md in Sources */ = {isa = PBXBuildFile; fileRef = E24AD0CE1CAE58FD00B4BAEF /* README.md */; };
		E24AD0DA1CAE58FD00B4BAEF /* NSData+Base64.m in Sources */ = {isa = PBXBuildFile; fileRef = E24AD0D11CAE58FD00B4BAEF /* NSData+Base64.m */; };
		E24AD0DB1CAE58FD00B4BAEF /* DBManager.m in Sources */ = {isa = PBXBuildFile; fileRef = E24AD0D41CAE58FD00B4BAEF /* DBManager.m */; };
		E24AD0DC1CAE58FD00B4BAEF /* Reachability.m in Sources */ = {isa = PBXBuildFile; fileRef = E24AD0D71CAE58FD00B4BAEF /* Reachability.m */; };
		E2A60E371CAE395C00BE0DEB /* main.m in Sources */ = {isa = PBXBuildFile; fileRef = E2A60E361CAE395C00BE0DEB /* main.m */; };
		E2A60E3A1CAE395C00BE0DEB /* AppDelegate.m in Sources */ = {isa = PBXBuildFile; fileRef = E2A60E391CAE395C00BE0DEB /* AppDelegate.m */; };
		E2A60E3D1CAE395C00BE0DEB /* ViewController.m in Sources */ = {isa = PBXBuildFile; fileRef = E2A60E3C1CAE395C00BE0DEB /* ViewController.m */; };
		E2A60E401CAE395C00BE0DEB /* Main.storyboard in Resources */ = {isa = PBXBuildFile; fileRef = E2A60E3E1CAE395C00BE0DEB /* Main.storyboard */; };
		E2A60E421CAE395C00BE0DEB /* Assets.xcassets in Resources */ = {isa = PBXBuildFile; fileRef = E2A60E411CAE395C00BE0DEB /* Assets.xcassets */; };
		E2A60E451CAE395C00BE0DEB /* LaunchScreen.storyboard in Resources */ = {isa = PBXBuildFile; fileRef = E2A60E431CAE395C00BE0DEB /* LaunchScreen.storyboard */; };
		F149B3811F3AE674FE45B162 /* libPods-Template.a in Frameworks */ = {isa = PBXBuildFile; fileRef = EFD71CCB1D8EA4270728F561 /* libPods-Template.a */; };
/* End PBXBuildFile section */

/* Begin PBXFileReference section */
		5CEB57281CAE7DF40072E30D /* Template-Prefix.pch */ = {isa = PBXFileReference; fileEncoding = 4; lastKnownFileType = sourcecode.c.h; path = "Template-Prefix.pch"; sourceTree = "<group>"; };
		8B57B09D1CEA04BF00471AE7 /* Utility.h */ = {isa = PBXFileReference; fileEncoding = 4; lastKnownFileType = sourcecode.c.h; path = Utility.h; sourceTree = "<group>"; };
		8B57B09E1CEA04BF00471AE7 /* Utility.m */ = {isa = PBXFileReference; fileEncoding = 4; lastKnownFileType = sourcecode.c.objc; path = Utility.m; sourceTree = "<group>"; };
		8B57B0A21CEA04CF00471AE7 /* CustomButton.h */ = {isa = PBXFileReference; fileEncoding = 4; lastKnownFileType = sourcecode.c.h; path = CustomButton.h; sourceTree = "<group>"; };
		8B57B0A31CEA04CF00471AE7 /* CustomButton.m */ = {isa = PBXFileReference; fileEncoding = 4; lastKnownFileType = sourcecode.c.objc; path = CustomButton.m; sourceTree = "<group>"; };
		8B57B0A51CEA04CF00471AE7 /* CheckBox.h */ = {isa = PBXFileReference; fileEncoding = 4; lastKnownFileType = sourcecode.c.h; path = CheckBox.h; sourceTree = "<group>"; };
		8B57B0A61CEA04CF00471AE7 /* CheckBox.m */ = {isa = PBXFileReference; fileEncoding = 4; lastKnownFileType = sourcecode.c.objc; path = CheckBox.m; sourceTree = "<group>"; };
		8B57B0A81CEA04CF00471AE7 /* customTextField.h */ = {isa = PBXFileReference; fileEncoding = 4; lastKnownFileType = sourcecode.c.h; path = customTextField.h; sourceTree = "<group>"; };
		8B57B0A91CEA04CF00471AE7 /* customTextField.m */ = {isa = PBXFileReference; fileEncoding = 4; lastKnownFileType = sourcecode.c.objc; path = customTextField.m; sourceTree = "<group>"; };
		8B57B0AB1CEA04CF00471AE7 /* CustomTextView.h */ = {isa = PBXFileReference; fileEncoding = 4; lastKnownFileType = sourcecode.c.h; path = CustomTextView.h; sourceTree = "<group>"; };
		8B57B0AC1CEA04CF00471AE7 /* CustomTextView.m */ = {isa = PBXFileReference; fileEncoding = 4; lastKnownFileType = sourcecode.c.objc; path = CustomTextView.m; sourceTree = "<group>"; };
		8B57B0AE1CEA04CF00471AE7 /* CustomView.h */ = {isa = PBXFileReference; fileEncoding = 4; lastKnownFileType = sourcecode.c.h; path = CustomView.h; sourceTree = "<group>"; };
		8B57B0AF1CEA04CF00471AE7 /* CustomView.m */ = {isa = PBXFileReference; fileEncoding = 4; lastKnownFileType = sourcecode.c.objc; path = CustomView.m; sourceTree = "<group>"; };
		D202B57FE5A2C325F78197D7 /* Pods-Template.release.xcconfig */ = {isa = PBXFileReference; includeInIndex = 1; lastKnownFileType = text.xcconfig; name = "Pods-Template.release.xcconfig"; path = "Pods/Target Support Files/Pods-Template/Pods-Template.release.xcconfig"; sourceTree = "<group>"; };
		E24AD0C91CAE58FD00B4BAEF /* Constants.h */ = {isa = PBXFileReference; fileEncoding = 4; lastKnownFileType = sourcecode.c.h; path = Constants.h; sourceTree = "<group>"; };
		E24AD0CC1CAE58FD00B4BAEF /* Api.h */ = {isa = PBXFileReference; fileEncoding = 4; lastKnownFileType = sourcecode.c.h; path = Api.h; sourceTree = "<group>"; };
		E24AD0CD1CAE58FD00B4BAEF /* Api.m */ = {isa = PBXFileReference; fileEncoding = 4; lastKnownFileType = sourcecode.c.objc; path = Api.m; sourceTree = "<group>"; };
		E24AD0CE1CAE58FD00B4BAEF /* README.md */ = {isa = PBXFileReference; fileEncoding = 4; lastKnownFileType = net.daringfireball.markdown; path = README.md; sourceTree = "<group>"; };
		E24AD0D01CAE58FD00B4BAEF /* NSData+Base64.h */ = {isa = PBXFileReference; fileEncoding = 4; lastKnownFileType = sourcecode.c.h; path = "NSData+Base64.h"; sourceTree = "<group>"; };
		E24AD0D11CAE58FD00B4BAEF /* NSData+Base64.m */ = {isa = PBXFileReference; fileEncoding = 4; lastKnownFileType = sourcecode.c.objc; path = "NSData+Base64.m"; sourceTree = "<group>"; };
		E24AD0D31CAE58FD00B4BAEF /* DBManager.h */ = {isa = PBXFileReference; fileEncoding = 4; lastKnownFileType = sourcecode.c.h; path = DBManager.h; sourceTree = "<group>"; };
		E24AD0D41CAE58FD00B4BAEF /* DBManager.m */ = {isa = PBXFileReference; fileEncoding = 4; lastKnownFileType = sourcecode.c.objc; path = DBManager.m; sourceTree = "<group>"; };
		E24AD0D61CAE58FD00B4BAEF /* Reachability.h */ = {isa = PBXFileReference; fileEncoding = 4; lastKnownFileType = sourcecode.c.h; path = Reachability.h; sourceTree = "<group>"; };
		E24AD0D71CAE58FD00B4BAEF /* Reachability.m */ = {isa = PBXFileReference; fileEncoding = 4; lastKnownFileType = sourcecode.c.objc; path = Reachability.m; sourceTree = "<group>"; };
		E2A60E321CAE395B00BE0DEB /* Template.app */ = {isa = PBXFileReference; explicitFileType = wrapper.application; includeInIndex = 0; path = Template.app; sourceTree = BUILT_PRODUCTS_DIR; };
		E2A60E361CAE395C00BE0DEB /* main.m */ = {isa = PBXFileReference; lastKnownFileType = sourcecode.c.objc; path = main.m; sourceTree = "<group>"; };
		E2A60E381CAE395C00BE0DEB /* AppDelegate.h */ = {isa = PBXFileReference; lastKnownFileType = sourcecode.c.h; path = AppDelegate.h; sourceTree = "<group>"; };
		E2A60E391CAE395C00BE0DEB /* AppDelegate.m */ = {isa = PBXFileReference; lastKnownFileType = sourcecode.c.objc; path = AppDelegate.m; sourceTree = "<group>"; };
		E2A60E3B1CAE395C00BE0DEB /* ViewController.h */ = {isa = PBXFileReference; lastKnownFileType = sourcecode.c.h; path = ViewController.h; sourceTree = "<group>"; };
		E2A60E3C1CAE395C00BE0DEB /* ViewController.m */ = {isa = PBXFileReference; lastKnownFileType = sourcecode.c.objc; path = ViewController.m; sourceTree = "<group>"; };
		E2A60E3F1CAE395C00BE0DEB /* Base */ = {isa = PBXFileReference; lastKnownFileType = file.storyboard; name = Base; path = Base.lproj/Main.storyboard; sourceTree = "<group>"; };
		E2A60E411CAE395C00BE0DEB /* Assets.xcassets */ = {isa = PBXFileReference; lastKnownFileType = folder.assetcatalog; path = Assets.xcassets; sourceTree = "<group>"; };
		E2A60E441CAE395C00BE0DEB /* Base */ = {isa = PBXFileReference; lastKnownFileType = file.storyboard; name = Base; path = Base.lproj/LaunchScreen.storyboard; sourceTree = "<group>"; };
		E2A60E461CAE395C00BE0DEB /* Info.plist */ = {isa = PBXFileReference; lastKnownFileType = text.plist.xml; path = Info.plist; sourceTree = "<group>"; };
		EDDCD88FA67304F77B61E267 /* Pods-Template.debug.xcconfig */ = {isa = PBXFileReference; includeInIndex = 1; lastKnownFileType = text.xcconfig; name = "Pods-Template.debug.xcconfig"; path = "Pods/Target Support Files/Pods-Template/Pods-Template.debug.xcconfig"; sourceTree = "<group>"; };
		EFD71CCB1D8EA4270728F561 /* libPods-Template.a */ = {isa = PBXFileReference; explicitFileType = archive.ar; includeInIndex = 0; path = "libPods-Template.a"; sourceTree = BUILT_PRODUCTS_DIR; };
/* End PBXFileReference section */

/* Begin PBXFrameworksBuildPhase section */
		E2A60E2F1CAE395B00BE0DEB /* Frameworks */ = {
			isa = PBXFrameworksBuildPhase;
			buildActionMask = 2147483647;
			files = (
				F149B3811F3AE674FE45B162 /* libPods-Template.a in Frameworks */,
			);
			runOnlyForDeploymentPostprocessing = 0;
		};
/* End PBXFrameworksBuildPhase section */

/* Begin PBXGroup section */
		8B57B09C1CEA04BF00471AE7 /* Utility */ = {
			isa = PBXGroup;
			children = (
				8B57B09D1CEA04BF00471AE7 /* Utility.h */,
				8B57B09E1CEA04BF00471AE7 /* Utility.m */,
			);
			path = Utility;
			sourceTree = "<group>";
		};
		8B57B0A01CEA04CF00471AE7 /* controls */ = {
			isa = PBXGroup;
			children = (
				8B57B0A11CEA04CF00471AE7 /* CIButton */,
				8B57B0A41CEA04CF00471AE7 /* CICheckBox */,
				8B57B0A71CEA04CF00471AE7 /* CITextField */,
				8B57B0AA1CEA04CF00471AE7 /* CITextView */,
				8B57B0AD1CEA04CF00471AE7 /* CIView */,
			);
			path = controls;
			sourceTree = "<group>";
		};
		8B57B0A11CEA04CF00471AE7 /* CIButton */ = {
			isa = PBXGroup;
			children = (
				8B57B0A21CEA04CF00471AE7 /* CustomButton.h */,
				8B57B0A31CEA04CF00471AE7 /* CustomButton.m */,
			);
			path = CIButton;
			sourceTree = "<group>";
		};
		8B57B0A41CEA04CF00471AE7 /* CICheckBox */ = {
			isa = PBXGroup;
			children = (
				8B57B0A51CEA04CF00471AE7 /* CheckBox.h */,
				8B57B0A61CEA04CF00471AE7 /* CheckBox.m */,
			);
			path = CICheckBox;
			sourceTree = "<group>";
		};
		8B57B0A71CEA04CF00471AE7 /* CITextField */ = {
			isa = PBXGroup;
			children = (
				8B57B0A81CEA04CF00471AE7 /* customTextField.h */,
				8B57B0A91CEA04CF00471AE7 /* customTextField.m */,
			);
			path = CITextField;
			sourceTree = "<group>";
		};
		8B57B0AA1CEA04CF00471AE7 /* CITextView */ = {
			isa = PBXGroup;
			children = (
				8B57B0AB1CEA04CF00471AE7 /* CustomTextView.h */,
				8B57B0AC1CEA04CF00471AE7 /* CustomTextView.m */,
			);
			path = CITextView;
			sourceTree = "<group>";
		};
		8B57B0AD1CEA04CF00471AE7 /* CIView */ = {
			isa = PBXGroup;
			children = (
				8B57B0AE1CEA04CF00471AE7 /* CustomView.h */,
				8B57B0AF1CEA04CF00471AE7 /* CustomView.m */,
			);
			path = CIView;
			sourceTree = "<group>";
		};
		916D4D2DEB8CBF460F5B93AD /* Pods */ = {
			isa = PBXGroup;
			children = (
				EDDCD88FA67304F77B61E267 /* Pods-Template.debug.xcconfig */,
				D202B57FE5A2C325F78197D7 /* Pods-Template.release.xcconfig */,
			);
			name = Pods;
			sourceTree = "<group>";
		};
		B5C1387F426400620C7E4326 /* Frameworks */ = {
			isa = PBXGroup;
			children = (
				EFD71CCB1D8EA4270728F561 /* libPods-Template.a */,
			);
			name = Frameworks;
			sourceTree = "<group>";
		};
		E24AD0CA1CAE58FD00B4BAEF /* Libs */ = {
			isa = PBXGroup;
			children = (
				8B57B0A01CEA04CF00471AE7 /* controls */,
				8B57B09C1CEA04BF00471AE7 /* Utility */,
				E24AD0CB1CAE58FD00B4BAEF /* api */,
				E24AD0CF1CAE58FD00B4BAEF /* base64 */,
				E24AD0D21CAE58FD00B4BAEF /* database */,
				E24AD0D51CAE58FD00B4BAEF /* reachability */,
			);
			path = Libs;
			sourceTree = "<group>";
		};
		E24AD0CB1CAE58FD00B4BAEF /* api */ = {
			isa = PBXGroup;
			children = (
				E24AD0CC1CAE58FD00B4BAEF /* Api.h */,
				E24AD0CD1CAE58FD00B4BAEF /* Api.m */,
				E24AD0CE1CAE58FD00B4BAEF /* README.md */,
			);
			path = api;
			sourceTree = "<group>";
		};
		E24AD0CF1CAE58FD00B4BAEF /* base64 */ = {
			isa = PBXGroup;
			children = (
				E24AD0D01CAE58FD00B4BAEF /* NSData+Base64.h */,
				E24AD0D11CAE58FD00B4BAEF /* NSData+Base64.m */,
			);
			path = base64;
			sourceTree = "<group>";
		};
		E24AD0D21CAE58FD00B4BAEF /* database */ = {
			isa = PBXGroup;
			children = (
				E24AD0D31CAE58FD00B4BAEF /* DBManager.h */,
				E24AD0D41CAE58FD00B4BAEF /* DBManager.m */,
			);
			path = database;
			sourceTree = "<group>";
		};
		E24AD0D51CAE58FD00B4BAEF /* reachability */ = {
			isa = PBXGroup;
			children = (
				E24AD0D61CAE58FD00B4BAEF /* Reachability.h */,
				E24AD0D71CAE58FD00B4BAEF /* Reachability.m */,
			);
			path = reachability;
			sourceTree = "<group>";
		};
		E2A60E291CAE395B00BE0DEB = {
			isa = PBXGroup;
			children = (
				E2A60E341CAE395B00BE0DEB /* Classes */,
				E2A60E331CAE395B00BE0DEB /* Products */,
				916D4D2DEB8CBF460F5B93AD /* Pods */,
				B5C1387F426400620C7E4326 /* Frameworks */,
			);
			sourceTree = "<group>";
		};
		E2A60E331CAE395B00BE0DEB /* Products */ = {
			isa = PBXGroup;
			children = (
				E2A60E321CAE395B00BE0DEB /* Template.app */,
			);
			name = Products;
			sourceTree = "<group>";
		};
		E2A60E341CAE395B00BE0DEB /* Classes */ = {
			isa = PBXGroup;
			children = (
				E24AD0C91CAE58FD00B4BAEF /* Constants.h */,
				E2A60E381CAE395C00BE0DEB /* AppDelegate.h */,
				E2A60E391CAE395C00BE0DEB /* AppDelegate.m */,
				E2A60E3B1CAE395C00BE0DEB /* ViewController.h */,
				E2A60E3C1CAE395C00BE0DEB /* ViewController.m */,
				E2A60E3E1CAE395C00BE0DEB /* Main.storyboard */,
				E2A60E411CAE395C00BE0DEB /* Assets.xcassets */,
				E2A60E431CAE395C00BE0DEB /* LaunchScreen.storyboard */,
				E2A60E461CAE395C00BE0DEB /* Info.plist */,
				E24AD0CA1CAE58FD00B4BAEF /* Libs */,
				E2A60E351CAE395C00BE0DEB /* Supporting Files */,
			);
			path = Classes;
			sourceTree = "<group>";
		};
		E2A60E351CAE395C00BE0DEB /* Supporting Files */ = {
			isa = PBXGroup;
			children = (
				E2A60E361CAE395C00BE0DEB /* main.m */,
				5CEB57281CAE7DF40072E30D /* Template-Prefix.pch */,
			);
			name = "Supporting Files";
			sourceTree = "<group>";
		};
/* End PBXGroup section */

/* Begin PBXNativeTarget section */
		E2A60E311CAE395B00BE0DEB /* Template */ = {
			isa = PBXNativeTarget;
			buildConfigurationList = E2A60E491CAE395C00BE0DEB /* Build configuration list for PBXNativeTarget "Template" */;
			buildPhases = (
				600D9013DF443E2EE4AE803A /* 📦 Check Pods Manifest.lock */,
				E2A60E2E1CAE395B00BE0DEB /* Sources */,
				E2A60E2F1CAE395B00BE0DEB /* Frameworks */,
				E2A60E301CAE395B00BE0DEB /* Resources */,
				56FB83067D228930E47B59B2 /* 📦 Embed Pods Frameworks */,
				3F5EBF6CFF730B761A1571A9 /* 📦 Copy Pods Resources */,
			);
			buildRules = (
			);
			dependencies = (
			);
			name = Template;
			productName = Classes;
			productReference = E2A60E321CAE395B00BE0DEB /* Template.app */;
			productType = "com.apple.product-type.application";
		};
/* End PBXNativeTarget section */

/* Begin PBXProject section */
		E2A60E2A1CAE395B00BE0DEB /* Project object */ = {
			isa = PBXProject;
			attributes = {
				LastUpgradeCheck = 0720;
				ORGANIZATIONNAME = "Kevin B. Adesara";
				TargetAttributes = {
					E2A60E311CAE395B00BE0DEB = {
						CreatedOnToolsVersion = 7.2;
					};
				};
			};
			buildConfigurationList = E2A60E2D1CAE395B00BE0DEB /* Build configuration list for PBXProject "Template" */;
			compatibilityVersion = "Xcode 3.2";
			developmentRegion = English;
			hasScannedForEncodings = 0;
			knownRegions = (
				en,
				Base,
			);
			mainGroup = E2A60E291CAE395B00BE0DEB;
			productRefGroup = E2A60E331CAE395B00BE0DEB /* Products */;
			projectDirPath = "";
			projectRoot = "";
			targets = (
				E2A60E311CAE395B00BE0DEB /* Template */,
			);
		};
/* End PBXProject section */

/* Begin PBXResourcesBuildPhase section */
		E2A60E301CAE395B00BE0DEB /* Resources */ = {
			isa = PBXResourcesBuildPhase;
			buildActionMask = 2147483647;
			files = (
				5CEB57271CAE7D150072E30D /* Constants.h in Resources */,
				E2A60E451CAE395C00BE0DEB /* LaunchScreen.storyboard in Resources */,
				E2A60E421CAE395C00BE0DEB /* Assets.xcassets in Resources */,
				E2A60E401CAE395C00BE0DEB /* Main.storyboard in Resources */,
			);
			runOnlyForDeploymentPostprocessing = 0;
		};
/* End PBXResourcesBuildPhase section */

/* Begin PBXShellScriptBuildPhase section */
		3F5EBF6CFF730B761A1571A9 /* 📦 Copy Pods Resources */ = {
			isa = PBXShellScriptBuildPhase;
			buildActionMask = 2147483647;
			files = (
			);
			inputPaths = (
			);
			name = "📦 Copy Pods Resources";
			outputPaths = (
			);
			runOnlyForDeploymentPostprocessing = 0;
			shellPath = /bin/sh;
			shellScript = "\"${SRCROOT}/Pods/Target Support Files/Pods-Template/Pods-Template-resources.sh\"\n";
			showEnvVarsInLog = 0;
		};
		56FB83067D228930E47B59B2 /* 📦 Embed Pods Frameworks */ = {
			isa = PBXShellScriptBuildPhase;
			buildActionMask = 2147483647;
			files = (
			);
			inputPaths = (
			);
			name = "📦 Embed Pods Frameworks";
			outputPaths = (
			);
			runOnlyForDeploymentPostprocessing = 0;
			shellPath = /bin/sh;
			shellScript = "\"${SRCROOT}/Pods/Target Support Files/Pods-Template/Pods-Template-frameworks.sh\"\n";
			showEnvVarsInLog = 0;
		};
		600D9013DF443E2EE4AE803A /* 📦 Check Pods Manifest.lock */ = {
			isa = PBXShellScriptBuildPhase;
			buildActionMask = 2147483647;
			files = (
			);
			inputPaths = (
			);
			name = "📦 Check Pods Manifest.lock";
			outputPaths = (
			);
			runOnlyForDeploymentPostprocessing = 0;
			shellPath = /bin/sh;
			shellScript = "diff \"${PODS_ROOT}/../Podfile.lock\" \"${PODS_ROOT}/Manifest.lock\" > /dev/null\nif [[ $? != 0 ]] ; then\n    cat << EOM\nerror: The sandbox is not in sync with the Podfile.lock. Run 'pod install' or update your CocoaPods installation.\nEOM\n    exit 1\nfi\n";
			showEnvVarsInLog = 0;
		};
/* End PBXShellScriptBuildPhase section */

/* Begin PBXSourcesBuildPhase section */
		E2A60E2E1CAE395B00BE0DEB /* Sources */ = {
			isa = PBXSourcesBuildPhase;
			buildActionMask = 2147483647;
			files = (
				E24AD0DB1CAE58FD00B4BAEF /* DBManager.m in Sources */,
				E2A60E3D1CAE395C00BE0DEB /* ViewController.m in Sources */,
				E24AD0DC1CAE58FD00B4BAEF /* Reachability.m in Sources */,
				E2A60E3A1CAE395C00BE0DEB /* AppDelegate.m in Sources */,
				8B57B0B11CEA04CF00471AE7 /* CheckBox.m in Sources */,
				8B57B09F1CEA04BF00471AE7 /* Utility.m in Sources */,
				E24AD0D91CAE58FD00B4BAEF /* README.md in Sources */,
				8B57B0B01CEA04CF00471AE7 /* CustomButton.m in Sources */,
				8B57B0B21CEA04CF00471AE7 /* customTextField.m in Sources */,
				E24AD0D81CAE58FD00B4BAEF /* Api.m in Sources */,
				E2A60E371CAE395C00BE0DEB /* main.m in Sources */,
				8B57B0B41CEA04CF00471AE7 /* CustomView.m in Sources */,
				8B57B0B31CEA04CF00471AE7 /* CustomTextView.m in Sources */,
				E24AD0DA1CAE58FD00B4BAEF /* NSData+Base64.m in Sources */,
			);
			runOnlyForDeploymentPostprocessing = 0;
		};
/* End PBXSourcesBuildPhase section */

/* Begin PBXVariantGroup section */
		E2A60E3E1CAE395C00BE0DEB /* Main.storyboard */ = {
			isa = PBXVariantGroup;
			children = (
				E2A60E3F1CAE395C00BE0DEB /* Base */,
			);
			name = Main.storyboard;
			sourceTree = "<group>";
		};
		E2A60E431CAE395C00BE0DEB /* LaunchScreen.storyboard */ = {
			isa = PBXVariantGroup;
			children = (
				E2A60E441CAE395C00BE0DEB /* Base */,
			);
			name = LaunchScreen.storyboard;
			sourceTree = "<group>";
		};
/* End PBXVariantGroup section */

/* Begin XCBuildConfiguration section */
		E2A60E471CAE395C00BE0DEB /* Debug */ = {
			isa = XCBuildConfiguration;
			buildSettings = {
				ALWAYS_SEARCH_USER_PATHS = NO;
				CLANG_CXX_LANGUAGE_STANDARD = "gnu++0x";
				CLANG_CXX_LIBRARY = "libc++";
				CLANG_ENABLE_MODULES = YES;
				CLANG_ENABLE_OBJC_ARC = YES;
				CLANG_WARN_BOOL_CONVERSION = YES;
				CLANG_WARN_CONSTANT_CONVERSION = YES;
				CLANG_WARN_DIRECT_OBJC_ISA_USAGE = YES_ERROR;
				CLANG_WARN_EMPTY_BODY = YES;
				CLANG_WARN_ENUM_CONVERSION = YES;
				CLANG_WARN_INT_CONVERSION = YES;
				CLANG_WARN_OBJC_ROOT_CLASS = YES_ERROR;
				CLANG_WARN_UNREACHABLE_CODE = YES;
				CLANG_WARN__DUPLICATE_METHOD_MATCH = YES;
				"CODE_SIGN_IDENTITY[sdk=iphoneos*]" = "iPhone Developer";
				COPY_PHASE_STRIP = NO;
				DEBUG_INFORMATION_FORMAT = dwarf;
				ENABLE_STRICT_OBJC_MSGSEND = YES;
				ENABLE_TESTABILITY = YES;
				GCC_C_LANGUAGE_STANDARD = gnu99;
				GCC_DYNAMIC_NO_PIC = NO;
				GCC_NO_COMMON_BLOCKS = YES;
				GCC_OPTIMIZATION_LEVEL = 0;
				GCC_PREPROCESSOR_DEFINITIONS = (
					"DEBUG=1",
					"$(inherited)",
				);
				GCC_WARN_64_TO_32_BIT_CONVERSION = YES;
				GCC_WARN_ABOUT_RETURN_TYPE = YES_ERROR;
				GCC_WARN_UNDECLARED_SELECTOR = YES;
				GCC_WARN_UNINITIALIZED_AUTOS = YES_AGGRESSIVE;
				GCC_WARN_UNUSED_FUNCTION = YES;
				GCC_WARN_UNUSED_VARIABLE = YES;
				IPHONEOS_DEPLOYMENT_TARGET = 8.0;
				MTL_ENABLE_DEBUG_INFO = YES;
				ONLY_ACTIVE_ARCH = YES;
				SDKROOT = iphoneos;
				TARGETED_DEVICE_FAMILY = "1,2";
			};
			name = Debug;
		};
		E2A60E481CAE395C00BE0DEB /* Release */ = {
			isa = XCBuildConfiguration;
			buildSettings = {
				ALWAYS_SEARCH_USER_PATHS = NO;
				CLANG_CXX_LANGUAGE_STANDARD = "gnu++0x";
				CLANG_CXX_LIBRARY = "libc++";
				CLANG_ENABLE_MODULES = YES;
				CLANG_ENABLE_OBJC_ARC = YES;
				CLANG_WARN_BOOL_CONVERSION = YES;
				CLANG_WARN_CONSTANT_CONVERSION = YES;
				CLANG_WARN_DIRECT_OBJC_ISA_USAGE = YES_ERROR;
				CLANG_WARN_EMPTY_BODY = YES;
				CLANG_WARN_ENUM_CONVERSION = YES;
				CLANG_WARN_INT_CONVERSION = YES;
				CLANG_WARN_OBJC_ROOT_CLASS = YES_ERROR;
				CLANG_WARN_UNREACHABLE_CODE = YES;
				CLANG_WARN__DUPLICATE_METHOD_MATCH = YES;
				"CODE_SIGN_IDENTITY[sdk=iphoneos*]" = "iPhone Developer";
				COPY_PHASE_STRIP = NO;
				DEBUG_INFORMATION_FORMAT = "dwarf-with-dsym";
				ENABLE_NS_ASSERTIONS = NO;
				ENABLE_STRICT_OBJC_MSGSEND = YES;
				GCC_C_LANGUAGE_STANDARD = gnu99;
				GCC_NO_COMMON_BLOCKS = YES;
				GCC_WARN_64_TO_32_BIT_CONVERSION = YES;
				GCC_WARN_ABOUT_RETURN_TYPE = YES_ERROR;
				GCC_WARN_UNDECLARED_SELECTOR = YES;
				GCC_WARN_UNINITIALIZED_AUTOS = YES_AGGRESSIVE;
				GCC_WARN_UNUSED_FUNCTION = YES;
				GCC_WARN_UNUSED_VARIABLE = YES;
				IPHONEOS_DEPLOYMENT_TARGET = 8.0;
				MTL_ENABLE_DEBUG_INFO = NO;
				SDKROOT = iphoneos;
				TARGETED_DEVICE_FAMILY = "1,2";
				VALIDATE_PRODUCT = YES;
			};
			name = Release;
		};
		E2A60E4A1CAE395C00BE0DEB /* Debug */ = {
			isa = XCBuildConfiguration;
			baseConfigurationReference = EDDCD88FA67304F77B61E267 /* Pods-Template.debug.xcconfig */;
			buildSettings = {
				ASSETCATALOG_COMPILER_APPICON_NAME = AppIcon;
				GCC_PREFIX_HEADER = "$(SRCROOT)/Classes/Template-Prefix.pch";
				INFOPLIST_FILE = Classes/Info.plist;
				IPHONEOS_DEPLOYMENT_TARGET = 8.0;
				LD_RUNPATH_SEARCH_PATHS = "$(inherited) @executable_path/Frameworks";
				PRODUCT_BUNDLE_IDENTIFIER = com.digicorp.template;
				PRODUCT_NAME = Template;
				TARGETED_DEVICE_FAMILY = "1,2";
			};
			name = Debug;
		};
		E2A60E4B1CAE395C00BE0DEB /* Release */ = {
			isa = XCBuildConfiguration;
			baseConfigurationReference = D202B57FE5A2C325F78197D7 /* Pods-Template.release.xcconfig */;
			buildSettings = {
				ASSETCATALOG_COMPILER_APPICON_NAME = AppIcon;
				GCC_PREFIX_HEADER = "$(SRCROOT)/Classes/Template-Prefix.pch";
				INFOPLIST_FILE = Classes/Info.plist;
				IPHONEOS_DEPLOYMENT_TARGET = 8.0;
				LD_RUNPATH_SEARCH_PATHS = "$(inherited) @executable_path/Frameworks";
				PRODUCT_BUNDLE_IDENTIFIER = com.digicorp.template;
				PRODUCT_NAME = Template;
				TARGETED_DEVICE_FAMILY = "1,2";
			};
			name = Release;
		};
/* End XCBuildConfiguration section */

/* Begin XCConfigurationList section */
		E2A60E2D1CAE395B00BE0DEB /* Build configuration list for PBXProject "Template" */ = {
			isa = XCConfigurationList;
			buildConfigurations = (
				E2A60E471CAE395C00BE0DEB /* Debug */,
				E2A60E481CAE395C00BE0DEB /* Release */,
			);
			defaultConfigurationIsVisible = 0;
			defaultConfigurationName = Release;
		};
		E2A60E491CAE395C00BE0DEB /* Build configuration list for PBXNativeTarget "Template" */ = {
			isa = XCConfigurationList;
			buildConfigurations = (
				E2A60E4A1CAE395C00BE0DEB /* Debug */,
				E2A60E4B1CAE395C00BE0DEB /* Release */,
			);
			defaultConfigurationIsVisible = 0;
			defaultConfigurationName = Release;
		};
/* End XCConfigurationList section */
	};
	rootObject = E2A60E2A1CAE395B00BE0DEB /* Project object */;
}
